
Microsoft Visual Studio Solution File, Format Version 12.00
# Visual Studio Version 17
VisualStudioVersion = 17.2.32630.192
MinimumVisualStudioVersion = 10.0.40219.1
Project("{FAE04EC0-301F-11D3-BF4B-00C04F79EFBC}") = "30.1", "30.1\30.1.csproj", "{4BA4698C-84E4-4952-B936-CE6506362353}"
EndProject
Global
	GlobalSection(SolutionConfigurationPlatforms) = preSolution
		Debug|Any CPU = Debug|Any CPU
		Release|Any CPU = Release|Any CPU
	EndGlobalSection
	GlobalSection(ProjectConfigurationPlatforms) = postSolution
		{4BA4698C-84E4-4952-B936-CE6506362353}.Debug|Any CPU.ActiveCfg = Debug|Any CPU
		{4BA4698C-84E4-4952-B936-CE6506362353}.Debug|Any CPU.Build.0 = Debug|Any CPU
		{4BA4698C-84E4-4952-B936-CE6506362353}.Release|Any CPU.ActiveCfg = Release|Any CPU
		{4BA4698C-84E4-4952-B936-CE6506362353}.Release|Any CPU.Build.0 = Release|Any CPU
	EndGlobalSection
	GlobalSection(SolutionProperties) = preSolution
		HideSolutionNode = FALSE
	EndGlobalSection
	GlobalSection(ExtensibilityGlobals) = postSolution
		SolutionGuid = {01B16972-4271-41C6-9C74-219C89125E54}
	EndGlobalSection
EndGlobal
